{
  "name": "homepage",
  "lockfileVersion": 2,
  "requires": true,
  "packages": {
    "": {
      "dependencies": {
        "@splinetool/runtime": "^0.9.117",
        "bootstrap": "^5.2.1",
        "bootstrap-icons": "^1.9.1",
        "three": "^0.145.0"
      }
    },
    "node_modules/@popperjs/core": {
      "version": "2.11.6",
      "resolved": "https://registry.npmjs.org/@popperjs/core/-/core-2.11.6.tgz",
      "integrity": "sha512-50/17A98tWUfQ176raKiOGXuYpLyyVMkxxG6oylzL3BPOlA6ADGdK7EYunSa4I064xerltq9TGXs8HmOk5E+vw==",
      "peer": true,
      "funding": {
        "type": "opencollective",
        "url": "https://opencollective.com/popperjs"
      }
    },
    "node_modules/@splinetool/runtime": {
      "version": "0.9.117",
      "resolved": "https://registry.npmjs.org/@splinetool/runtime/-/runtime-0.9.117.tgz",
      "integrity": "sha512-MiOBFfkIOzYdNH0Kxyyws7OQ2FwCP3YCwpfqj0gw8v9V6RCBmdmtM5TgBPkLfa71e5khCpE2XMHb8wYRhwJ3Gw==",
      "dependencies": {
        "on-change": "^4.0.0"
      }
    },
    "node_modules/bootstrap": {
      "version": "5.2.1",
      "resolved": "https://registry.npmjs.org/bootstrap/-/bootstrap-5.2.1.tgz",
      "integrity": "sha512-UQi3v2NpVPEi1n35dmRRzBJFlgvWHYwyem6yHhuT6afYF+sziEt46McRbT//kVXZ7b1YUYEVGdXEH74Nx3xzGA==",
      "funding": [
        {
          "type": "github",
          "url": "https://github.com/sponsors/twbs"
        },
        {
          "type": "opencollective",
          "url": "https://opencollective.com/bootstrap"
        }
      ],
      "peerDependencies": {
        "@popperjs/core": "^2.11.6"
      }
    },
    "node_modules/bootstrap-icons": {
      "version": "1.9.1",
      "resolved": "https://registry.npmjs.org/bootstrap-icons/-/bootstrap-icons-1.9.1.tgz",
      "integrity": "sha512-d4ZkO30MIkAhQ2nNRJqKXJVEQorALGbLWTuRxyCTJF96lRIV6imcgMehWGJUiJMJhglN0o2tqLIeDnMdiQEE9g=="
    },
    "node_modules/on-change": {
      "version": "4.0.1",
      "resolved": "https://registry.npmjs.org/on-change/-/on-change-4.0.1.tgz",
      "integrity": "sha512-Gxmr/8NsLTigoUUEPvnAIUGl7uxwfC3Mm1G+qTmODEZcT4ZGfeaFyQgfGCdbKVS2pICIFYB82RH6MUHToPcS4Q==",
      "engines": {
        "node": "^12.20.0 || ^14.13.1 || >=16.0.0"
      },
      "funding": {
        "url": "https://github.com/sindresorhus/on-change?sponsor=1"
      }
    },
    "node_modules/three": {
      "version": "0.145.0",
      "resolved": "https://registry.npmjs.org/three/-/three-0.145.0.tgz",
      "integrity": "sha512-EKoHQEtEJ4CB6b2BGMBgLZrfwLjXcSUfoI/MiIXUuRpeYsfK5aPWbYhdtIVWOH+x6X0TouldHKHBuc/LAiFzAw=="
    }
  },
  "dependencies": {
    "@popperjs/core": {
      "version": "2.11.6",
      "resolved": "https://registry.npmjs.org/@popperjs/core/-/core-2.11.6.tgz",
      "integrity": "sha512-50/17A98tWUfQ176raKiOGXuYpLyyVMkxxG6oylzL3BPOlA6ADGdK7EYunSa4I064xerltq9TGXs8HmOk5E+vw==",
      "peer": true
    },
    "@splinetool/runtime": {
      "version": "0.9.117",
      "resolved": "https://registry.npmjs.org/@splinetool/runtime/-/runtime-0.9.117.tgz",
      "integrity": "sha512-MiOBFfkIOzYdNH0Kxyyws7OQ2FwCP3YCwpfqj0gw8v9V6RCBmdmtM5TgBPkLfa71e5khCpE2XMHb8wYRhwJ3Gw==",
      "requires": {
        "on-change": "^4.0.0"
      }
    },
    "bootstrap": {
      "version": "5.2.1",
      "resolved": "https://registry.npmjs.org/bootstrap/-/bootstrap-5.2.1.tgz",
      "integrity": "sha512-UQi3v2NpVPEi1n35dmRRzBJFlgvWHYwyem6yHhuT6afYF+sziEt46McRbT//kVXZ7b1YUYEVGdXEH74Nx3xzGA==",
      "requires": {}
    },
    "bootstrap-icons": {
      "version": "1.9.1",
      "resolved": "https://registry.npmjs.org/bootstrap-icons/-/bootstrap-icons-1.9.1.tgz",
      "integrity": "sha512-d4ZkO30MIkAhQ2nNRJqKXJVEQorALGbLWTuRxyCTJF96lRIV6imcgMehWGJUiJMJhglN0o2tqLIeDnMdiQEE9g=="
    },
    "on-change": {
      "version": "4.0.1",
      "resolved": "https://registry.npmjs.org/on-change/-/on-change-4.0.1.tgz",
      "integrity": "sha512-Gxmr/8NsLTigoUUEPvnAIUGl7uxwfC3Mm1G+qTmODEZcT4ZGfeaFyQgfGCdbKVS2pICIFYB82RH6MUHToPcS4Q=="
    },
    "three": {
      "version": "0.145.0",
      "resolved": "https://registry.npmjs.org/three/-/three-0.145.0.tgz",
      "integrity": "sha512-EKoHQEtEJ4CB6b2BGMBgLZrfwLjXcSUfoI/MiIXUuRpeYsfK5aPWbYhdtIVWOH+x6X0TouldHKHBuc/LAiFzAw=="
    }
  }
}
